// !$*UTF8*$!
{
	archiveVersion = 1;
	classes = {
	};
	objectVersion = 56;
	objects = {

/* Begin PBXBuildFile section */
		CB67E79B2C606AAB002159DD /* ApexRaptorApp.swift in Sources */ = {isa = PBXBuildFile; fileRef = CB67E79A2C606AAB002159DD /* ApexRaptorApp.swift */; };
		CB67E79D2C606AAB002159DD /* ContentView.swift in Sources */ = {isa = PBXBuildFile; fileRef = CB67E79C2C606AAB002159DD /* ContentView.swift */; };
		CB67E79F2C606AAE002159DD /* Assets.xcassets in Resources */ = {isa = PBXBuildFile; fileRef = CB67E79E2C606AAE002159DD /* Assets.xcassets */; };
		CB67E7A22C606AAE002159DD /* Preview Assets.xcassets in Resources */ = {isa = PBXBuildFile; fileRef = CB67E7A12C606AAE002159DD /* Preview Assets.xcassets */; };
		CB67E7AC2C606AAE002159DD /* ApexRaptorTests.swift in Sources */ = {isa = PBXBuildFile; fileRef = CB67E7AB2C606AAE002159DD /* ApexRaptorTests.swift */; };
		CB67E7B62C606AAE002159DD /* ApexRaptorUITests.swift in Sources */ = {isa = PBXBuildFile; fileRef = CB67E7B52C606AAE002159DD /* ApexRaptorUITests.swift */; };
		CB67E7B82C606AAE002159DD /* ApexRaptorUITestsLaunchTests.swift in Sources */ = {isa = PBXBuildFile; fileRef = CB67E7B72C606AAE002159DD /* ApexRaptorUITestsLaunchTests.swift */; };
		CB67E7C52C606B42002159DD /* jpapexpredators.json in Resources */ = {isa = PBXBuildFile; fileRef = CB67E7C42C606B42002159DD /* jpapexpredators.json */; };
		CB67E7C72C606B7B002159DD /* ApexPredator.swift in Sources */ = {isa = PBXBuildFile; fileRef = CB67E7C62C606B7B002159DD /* ApexPredator.swift */; };
		CB67E7C92C606C11002159DD /* PredatorDetail.swift in Sources */ = {isa = PBXBuildFile; fileRef = CB67E7C82C606C11002159DD /* PredatorDetail.swift */; };
		CB67E7CB2C606CA6002159DD /* PredatorMap.swift in Sources */ = {isa = PBXBuildFile; fileRef = CB67E7CA2C606CA6002159DD /* PredatorMap.swift */; };
		CB67E7CD2C606CD0002159DD /* Predators.swift in Sources */ = {isa = PBXBuildFile; fileRef = CB67E7CC2C606CD0002159DD /* Predators.swift */; };
/* End PBXBuildFile section */

/* Begin PBXContainerItemProxy section */
		CB67E7A82C606AAE002159DD /* PBXContainerItemProxy */ = {
			isa = PBXContainerItemProxy;
			containerPortal = CB67E78F2C606AAB002159DD /* Project object */;
			proxyType = 1;
			remoteGlobalIDString = CB67E7962C606AAB002159DD;
			remoteInfo = ApexRaptor;
		};
		CB67E7B22C606AAE002159DD /* PBXContainerItemProxy */ = {
			isa = PBXContainerItemProxy;
			containerPortal = CB67E78F2C606AAB002159DD /* Project object */;
			proxyType = 1;
			remoteGlobalIDString = CB67E7962C606AAB002159DD;
			remoteInfo = ApexRaptor;
		};
/* End PBXContainerItemProxy section */

/* Begin PBXFileReference section */
		CB67E7972C606AAB002159DD /* ApexRaptor.app */ = {isa = PBXFileReference; explicitFileType = wrapper.application; includeInIndex = 0; path = ApexRaptor.app; sourceTree = BUILT_PRODUCTS_DIR; };
		CB67E79A2C606AAB002159DD /* ApexRaptorApp.swift */ = {isa = PBXFileReference; lastKnownFileType = sourcecode.swift; path = ApexRaptorApp.swift; sourceTree = "<group>"; };
		CB67E79C2C606AAB002159DD /* ContentView.swift */ = {isa = PBXFileReference; lastKnownFileType = sourcecode.swift; path = ContentView.swift; sourceTree = "<group>"; };
		CB67E79E2C606AAE002159DD /* Assets.xcassets */ = {isa = PBXFileReference; lastKnownFileType = folder.assetcatalog; path = Assets.xcassets; sourceTree = "<group>"; };
		CB67E7A12C606AAE002159DD /* Preview Assets.xcassets */ = {isa = PBXFileReference; lastKnownFileType = folder.assetcatalog; path = "Preview Assets.xcassets"; sourceTree = "<group>"; };
		CB67E7A72C606AAE002159DD /* ApexRaptorTests.xctest */ = {isa = PBXFileReference; explicitFileType = wrapper.cfbundle; includeInIndex = 0; path = ApexRaptorTests.xctest; sourceTree = BUILT_PRODUCTS_DIR; };
		CB67E7AB2C606AAE002159DD /* ApexRaptorTests.swift */ = {isa = PBXFileReference; lastKnownFileType = sourcecode.swift; path = ApexRaptorTests.swift; sourceTree = "<group>"; };
		CB67E7B12C606AAE002159DD /* ApexRaptorUITests.xctest */ = {isa = PBXFileReference; explicitFileType = wrapper.cfbundle; includeInIndex = 0; path = ApexRaptorUITests.xctest; sourceTree = BUILT_PRODUCTS_DIR; };
		CB67E7B52C606AAE002159DD /* ApexRaptorUITests.swift */ = {isa = PBXFileReference; lastKnownFileType = sourcecode.swift; path = ApexRaptorUITests.swift; sourceTree = "<group>"; };
		CB67E7B72C606AAE002159DD /* ApexRaptorUITestsLaunchTests.swift */ = {isa = PBXFileReference; lastKnownFileType = sourcecode.swift; path = ApexRaptorUITestsLaunchTests.swift; sourceTree = "<group>"; };
		CB67E7C42C606B42002159DD /* jpapexpredators.json */ = {isa = PBXFileReference; fileEncoding = 4; lastKnownFileType = text.json; path = jpapexpredators.json; sourceTree = "<group>"; };
		CB67E7C62C606B7B002159DD /* ApexPredator.swift */ = {isa = PBXFileReference; lastKnownFileType = sourcecode.swift; path = ApexPredator.swift; sourceTree = "<group>"; };
		CB67E7C82C606C11002159DD /* PredatorDetail.swift */ = {isa = PBXFileReference; lastKnownFileType = sourcecode.swift; path = PredatorDetail.swift; sourceTree = "<group>"; };
		CB67E7CA2C606CA6002159DD /* PredatorMap.swift */ = {isa = PBXFileReference; lastKnownFileType = sourcecode.swift; path = PredatorMap.swift; sourceTree = "<group>"; };
		CB67E7CC2C606CD0002159DD /* Predators.swift */ = {isa = PBXFileReference; lastKnownFileType = sourcecode.swift; path = Predators.swift; sourceTree = "<group>"; };
/* End PBXFileReference section */

/* Begin PBXFrameworksBuildPhase section */
		CB67E7942C606AAB002159DD /* Frameworks */ = {
			isa = PBXFrameworksBuildPhase;
			buildActionMask = 2147483647;
			files = (
			);
			runOnlyForDeploymentPostprocessing = 0;
		};
		CB67E7A42C606AAE002159DD /* Frameworks */ = {
			isa = PBXFrameworksBuildPhase;
			buildActionMask = 2147483647;
			files = (
			);
			runOnlyForDeploymentPostprocessing = 0;
		};
		CB67E7AE2C606AAE002159DD /* Frameworks */ = {
			isa = PBXFrameworksBuildPhase;
			buildActionMask = 2147483647;
			files = (
			);
			runOnlyForDeploymentPostprocessing = 0;
		};
/* End PBXFrameworksBuildPhase section */

/* Begin PBXGroup section */
		CB67E78E2C606AAB002159DD = {
			isa = PBXGroup;
			children = (
				CB67E7992C606AAB002159DD /* ApexRaptor */,
				CB67E7AA2C606AAE002159DD /* ApexRaptorTests */,
				CB67E7B42C606AAE002159DD /* ApexRaptorUITests */,
				CB67E7982C606AAB002159DD /* Products */,
			);
			sourceTree = "<group>";
		};
		CB67E7982C606AAB002159DD /* Products */ = {
			isa = PBXGroup;
			children = (
				CB67E7972C606AAB002159DD /* ApexRaptor.app */,
				CB67E7A72C606AAE002159DD /* ApexRaptorTests.xctest */,
				CB67E7B12C606AAE002159DD /* ApexRaptorUITests.xctest */,
			);
			name = Products;
			sourceTree = "<group>";
		};
		CB67E7992C606AAB002159DD /* ApexRaptor */ = {
			isa = PBXGroup;
			children = (
				CB67E7C42C606B42002159DD /* jpapexpredators.json */,
				CB67E79A2C606AAB002159DD /* ApexRaptorApp.swift */,
				CB67E79C2C606AAB002159DD /* ContentView.swift */,
				CB67E7C62C606B7B002159DD /* ApexPredator.swift */,
				CB67E7C82C606C11002159DD /* PredatorDetail.swift */,
				CB67E7CA2C606CA6002159DD /* PredatorMap.swift */,
				CB67E7CC2C606CD0002159DD /* Predators.swift */,
				CB67E79E2C606AAE002159DD /* Assets.xcassets */,
				CB67E7A02C606AAE002159DD /* Preview Content */,
			);
			path = ApexRaptor;
			sourceTree = "<group>";
		};
		CB67E7A02C606AAE002159DD /* Preview Content */ = {
			isa = PBXGroup;
			children = (
				CB67E7A12C606AAE002159DD /* Preview Assets.xcassets */,
			);
			path = "Preview Content";
			sourceTree = "<group>";
		};
		CB67E7AA2C606AAE002159DD /* ApexRaptorTests */ = {
			isa = PBXGroup;
			children = (
				CB67E7AB2C606AAE002159DD /* ApexRaptorTests.swift */,
			);
			path = ApexRaptorTests;
			sourceTree = "<group>";
		};
		CB67E7B42C606AAE002159DD /* ApexRaptorUITests */ = {
			isa = PBXGroup;
			children = (
				CB67E7B52C606AAE002159DD /* ApexRaptorUITests.swift */,
				CB67E7B72C606AAE002159DD /* ApexRaptorUITestsLaunchTests.swift */,
			);
			path = ApexRaptorUITests;
			sourceTree = "<group>";
		};
/* End PBXGroup section */

/* Begin PBXNativeTarget section */
		CB67E7962C606AAB002159DD /* ApexRaptor */ = {
			isa = PBXNativeTarget;
			buildConfigurationList = CB67E7BB2C606AAE002159DD /* Build configuration list for PBXNativeTarget "ApexRaptor" */;
			buildPhases = (
				CB67E7932C606AAB002159DD /* Sources */,
				CB67E7942C606AAB002159DD /* Frameworks */,
				CB67E7952C606AAB002159DD /* Resources */,
			);
			buildRules = (
			);
			dependencies = (
			);
			name = ApexRaptor;
			productName = ApexRaptor;
			productReference = CB67E7972C606AAB002159DD /* ApexRaptor.app */;
			productType = "com.apple.product-type.application";
		};
		CB67E7A62C606AAE002159DD /* ApexRaptorTests */ = {
			isa = PBXNativeTarget;
			buildConfigurationList = CB67E7BE2C606AAE002159DD /* Build configuration list for PBXNativeTarget "ApexRaptorTests" */;
			buildPhases = (
				CB67E7A32C606AAE002159DD /* Sources */,
				CB67E7A42C606AAE002159DD /* Frameworks */,
				CB67E7A52C606AAE002159DD /* Resources */,
			);
			buildRules = (
			);
			dependencies = (
				CB67E7A92C606AAE002159DD /* PBXTargetDependency */,
			);
			name = ApexRaptorTests;
			productName = ApexRaptorTests;
			productReference = CB67E7A72C606AAE002159DD /* ApexRaptorTests.xctest */;
			productType = "com.apple.product-type.bundle.unit-test";
		};
		CB67E7B02C606AAE002159DD /* ApexRaptorUITests */ = {
			isa = PBXNativeTarget;
			buildConfigurationList = CB67E7C12C606AAE002159DD /* Build configuration list for PBXNativeTarget "ApexRaptorUITests" */;
			buildPhases = (
				CB67E7AD2C606AAE002159DD /* Sources */,
				CB67E7AE2C606AAE002159DD /* Frameworks */,
				CB67E7AF2C606AAE002159DD /* Resources */,
			);
			buildRules = (
			);
			dependencies = (
				CB67E7B32C606AAE002159DD /* PBXTargetDependency */,
			);
			name = ApexRaptorUITests;
			productName = ApexRaptorUITests;
			productReference = CB67E7B12C606AAE002159DD /* ApexRaptorUITests.xctest */;
			productType = "com.apple.product-type.bundle.ui-testing";
		};
/* End PBXNativeTarget section */

/* Begin PBXProject section */
		CB67E78F2C606AAB002159DD /* Project object */ = {
			isa = PBXProject;
			attributes = {
				BuildIndependentTargetsInParallel = 1;
				LastSwiftUpdateCheck = 1540;
				LastUpgradeCheck = 1540;
				TargetAttributes = {
					CB67E7962C606AAB002159DD = {
						CreatedOnToolsVersion = 15.4;
					};
					CB67E7A62C606AAE002159DD = {
						CreatedOnToolsVersion = 15.4;
						TestTargetID = CB67E7962C606AAB002159DD;
					};
					CB67E7B02C606AAE002159DD = {
						CreatedOnToolsVersion = 15.4;
						TestTargetID = CB67E7962C606AAB002159DD;
					};
				};
			};
			buildConfigurationList = CB67E7922C606AAB002159DD /* Build configuration list for PBXProject "ApexRaptor" */;
			compatibilityVersion = "Xcode 14.0";
			developmentRegion = en;
			hasScannedForEncodings = 0;
			knownRegions = (
				en,
				Base,
			);
			mainGroup = CB67E78E2C606AAB002159DD;
			productRefGroup = CB67E7982C606AAB002159DD /* Products */;
			projectDirPath = "";
			projectRoot = "";
			targets = (
				CB67E7962C606AAB002159DD /* ApexRaptor */,
				CB67E7A62C606AAE002159DD /* ApexRaptorTests */,
				CB67E7B02C606AAE002159DD /* ApexRaptorUITests */,
			);
		};
/* End PBXProject section */

/* Begin PBXResourcesBuildPhase section */
		CB67E7952C606AAB002159DD /* Resources */ = {
			isa = PBXResourcesBuildPhase;
			buildActionMask = 2147483647;
			files = (
				CB67E7A22C606AAE002159DD /* Preview Assets.xcassets in Resources */,
				CB67E79F2C606AAE002159DD /* Assets.xcassets in Resources */,
				CB67E7C52C606B42002159DD /* jpapexpredators.json in Resources */,
			);
			runOnlyForDeploymentPostprocessing = 0;
		};
		CB67E7A52C606AAE002159DD /* Resources */ = {
			isa = PBXResourcesBuildPhase;
			buildActionMask = 2147483647;
			files = (
			);
			runOnlyForDeploymentPostprocessing = 0;
		};
		CB67E7AF2C606AAE002159DD /* Resources */ = {
			isa = PBXResourcesBuildPhase;
			buildActionMask = 2147483647;
			files = (
			);
			runOnlyForDeploymentPostprocessing = 0;
		};
/* End PBXResourcesBuildPhase section */

/* Begin PBXSourcesBuildPhase section */
		CB67E7932C606AAB002159DD /* Sources */ = {
			isa = PBXSourcesBuildPhase;
			buildActionMask = 2147483647;
			files = (
				CB67E79D2C606AAB002159DD /* ContentView.swift in Sources */,
				CB67E7CB2C606CA6002159DD /* PredatorMap.swift in Sources */,
				CB67E79B2C606AAB002159DD /* ApexRaptorApp.swift in Sources */,
				CB67E7C72C606B7B002159DD /* ApexPredator.swift in Sources */,
				CB67E7CD2C606CD0002159DD /* Predators.swift in Sources */,
				CB67E7C92C606C11002159DD /* PredatorDetail.swift in Sources */,
			);
			runOnlyForDeploymentPostprocessing = 0;
		};
		CB67E7A32C606AAE002159DD /* Sources */ = {
			isa = PBXSourcesBuildPhase;
			buildActionMask = 2147483647;
			files = (
				CB67E7AC2C606AAE002159DD /* ApexRaptorTests.swift in Sources */,
			);
			runOnlyForDeploymentPostprocessing = 0;
		};
		CB67E7AD2C606AAE002159DD /* Sources */ = {
			isa = PBXSourcesBuildPhase;
			buildActionMask = 2147483647;
			files = (
				CB67E7B82C606AAE002159DD /* ApexRaptorUITestsLaunchTests.swift in Sources */,
				CB67E7B62C606AAE002159DD /* ApexRaptorUITests.swift in Sources */,
			);
			runOnlyForDeploymentPostprocessing = 0;
		};
/* End PBXSourcesBuildPhase section */

/* Begin PBXTargetDependency section */
		CB67E7A92C606AAE002159DD /* PBXTargetDependency */ = {
			isa = PBXTargetDependency;
			target = CB67E7962C606AAB002159DD /* ApexRaptor */;
			targetProxy = CB67E7A82C606AAE002159DD /* PBXContainerItemProxy */;
		};
		CB67E7B32C606AAE002159DD /* PBXTargetDependency */ = {
			isa = PBXTargetDependency;
			target = CB67E7962C606AAB002159DD /* ApexRaptor */;
			targetProxy = CB67E7B22C606AAE002159DD /* PBXContainerItemProxy */;
		};
/* End PBXTargetDependency section */

/* Begin XCBuildConfiguration section */
		CB67E7B92C606AAE002159DD /* Debug */ = {
			isa = XCBuildConfiguration;
			buildSettings = {
				ALWAYS_SEARCH_USER_PATHS = NO;
				ASSETCATALOG_COMPILER_GENERATE_SWIFT_ASSET_SYMBOL_EXTENSIONS = YES;
				CLANG_ANALYZER_NONNULL = YES;
				CLANG_ANALYZER_NUMBER_OBJECT_CONVERSION = YES_AGGRESSIVE;
				CLANG_CXX_LANGUAGE_STANDARD = "gnu++20";
				CLANG_ENABLE_MODULES = YES;
				CLANG_ENABLE_OBJC_ARC = YES;
				CLANG_ENABLE_OBJC_WEAK = YES;
				CLANG_WARN_BLOCK_CAPTURE_AUTORELEASING = YES;
				CLANG_WARN_BOOL_CONVERSION = YES;
				CLANG_WARN_COMMA = YES;
				CLANG_WARN_CONSTANT_CONVERSION = YES;
				CLANG_WARN_DEPRECATED_OBJC_IMPLEMENTATIONS = YES;
				CLANG_WARN_DIRECT_OBJC_ISA_USAGE = YES_ERROR;
				CLANG_WARN_DOCUMENTATION_COMMENTS = YES;
				CLANG_WARN_EMPTY_BODY = YES;
				CLANG_WARN_ENUM_CONVERSION = YES;
				CLANG_WARN_INFINITE_RECURSION = YES;
				CLANG_WARN_INT_CONVERSION = YES;
				CLANG_WARN_NON_LITERAL_NULL_CONVERSION = YES;
				CLANG_WARN_OBJC_IMPLICIT_RETAIN_SELF = YES;
				CLANG_WARN_OBJC_LITERAL_CONVERSION = YES;
				CLANG_WARN_OBJC_ROOT_CLASS = YES_ERROR;
				CLANG_WARN_QUOTED_INCLUDE_IN_FRAMEWORK_HEADER = YES;
				CLANG_WARN_RANGE_LOOP_ANALYSIS = YES;
				CLANG_WARN_STRICT_PROTOTYPES = YES;
				CLANG_WARN_SUSPICIOUS_MOVE = YES;
				CLANG_WARN_UNGUARDED_AVAILABILITY = YES_AGGRESSIVE;
				CLANG_WARN_UNREACHABLE_CODE = YES;
				CLANG_WARN__DUPLICATE_METHOD_MATCH = YES;
				COPY_PHASE_STRIP = NO;
				DEBUG_INFORMATION_FORMAT = dwarf;
				ENABLE_STRICT_OBJC_MSGSEND = YES;
				ENABLE_TESTABILITY = YES;
				ENABLE_USER_SCRIPT_SANDBOXING = YES;
				GCC_C_LANGUAGE_STANDARD = gnu17;
				GCC_DYNAMIC_NO_PIC = NO;
				GCC_NO_COMMON_BLOCKS = YES;
				GCC_OPTIMIZATION_LEVEL = 0;
				GCC_PREPROCESSOR_DEFINITIONS = (
					"DEBUG=1",
					"$(inherited)",
				);
				GCC_WARN_64_TO_32_BIT_CONVERSION = YES;
				GCC_WARN_ABOUT_RETURN_TYPE = YES_ERROR;
				GCC_WARN_UNDECLARED_SELECTOR = YES;
				GCC_WARN_UNINITIALIZED_AUTOS = YES_AGGRESSIVE;
				GCC_WARN_UNUSED_FUNCTION = YES;
				GCC_WARN_UNUSED_VARIABLE = YES;
				IPHONEOS_DEPLOYMENT_TARGET = 17.5;
				LOCALIZATION_PREFERS_STRING_CATALOGS = YES;
				MTL_ENABLE_DEBUG_INFO = INCLUDE_SOURCE;
				MTL_FAST_MATH = YES;
				ONLY_ACTIVE_ARCH = YES;
				SDKROOT = iphoneos;
				SWIFT_ACTIVE_COMPILATION_CONDITIONS = "DEBUG $(inherited)";
				SWIFT_OPTIMIZATION_LEVEL = "-Onone";
			};
			name = Debug;
		};
		CB67E7BA2C606AAE002159DD /* Release */ = {
			isa = XCBuildConfiguration;
			buildSettings = {
				ALWAYS_SEARCH_USER_PATHS = NO;
				ASSETCATALOG_COMPILER_GENERATE_SWIFT_ASSET_SYMBOL_EXTENSIONS = YES;
				CLANG_ANALYZER_NONNULL = YES;
				CLANG_ANALYZER_NUMBER_OBJECT_CONVERSION = YES_AGGRESSIVE;
				CLANG_CXX_LANGUAGE_STANDARD = "gnu++20";
				CLANG_ENABLE_MODULES = YES;
				CLANG_ENABLE_OBJC_ARC = YES;
				CLANG_ENABLE_OBJC_WEAK = YES;
				CLANG_WARN_BLOCK_CAPTURE_AUTORELEASING = YES;
				CLANG_WARN_BOOL_CONVERSION = YES;
				CLANG_WARN_COMMA = YES;
				CLANG_WARN_CONSTANT_CONVERSION = YES;
				CLANG_WARN_DEPRECATED_OBJC_IMPLEMENTATIONS = YES;
				CLANG_WARN_DIRECT_OBJC_ISA_USAGE = YES_ERROR;
				CLANG_WARN_DOCUMENTATION_COMMENTS = YES;
				CLANG_WARN_EMPTY_BODY = YES;
				CLANG_WARN_ENUM_CONVERSION = YES;
				CLANG_WARN_INFINITE_RECURSION = YES;
				CLANG_WARN_INT_CONVERSION = YES;
				CLANG_WARN_NON_LITERAL_NULL_CONVERSION = YES;
				CLANG_WARN_OBJC_IMPLICIT_RETAIN_SELF = YES;
				CLANG_WARN_OBJC_LITERAL_CONVERSION = YES;
				CLANG_WARN_OBJC_ROOT_CLASS = YES_ERROR;
				CLANG_WARN_QUOTED_INCLUDE_IN_FRAMEWORK_HEADER = YES;
				CLANG_WARN_RANGE_LOOP_ANALYSIS = YES;
				CLANG_WARN_STRICT_PROTOTYPES = YES;
				CLANG_WARN_SUSPICIOUS_MOVE = YES;
				CLANG_WARN_UNGUARDED_AVAILABILITY = YES_AGGRESSIVE;
				CLANG_WARN_UNREACHABLE_CODE = YES;
				CLANG_WARN__DUPLICATE_METHOD_MATCH = YES;
				COPY_PHASE_STRIP = NO;
				DEBUG_INFORMATION_FORMAT = "dwarf-with-dsym";
				ENABLE_NS_ASSERTIONS = NO;
				ENABLE_STRICT_OBJC_MSGSEND = YES;
				ENABLE_USER_SCRIPT_SANDBOXING = YES;
				GCC_C_LANGUAGE_STANDARD = gnu17;
				GCC_NO_COMMON_BLOCKS = YES;
				GCC_WARN_64_TO_32_BIT_CONVERSION = YES;
				GCC_WARN_ABOUT_RETURN_TYPE = YES_ERROR;
				GCC_WARN_UNDECLARED_SELECTOR = YES;
				GCC_WARN_UNINITIALIZED_AUTOS = YES_AGGRESSIVE;
				GCC_WARN_UNUSED_FUNCTION = YES;
				GCC_WARN_UNUSED_VARIABLE = YES;
				IPHONEOS_DEPLOYMENT_TARGET = 17.5;
				LOCALIZATION_PREFERS_STRING_CATALOGS = YES;
				MTL_ENABLE_DEBUG_INFO = NO;
				MTL_FAST_MATH = YES;
				SDKROOT = iphoneos;
				SWIFT_COMPILATION_MODE = wholemodule;
				VALIDATE_PRODUCT = YES;
			};
			name = Release;
		};
		CB67E7BC2C606AAE002159DD /* Debug */ = {
			isa = XCBuildConfiguration;
			buildSettings = {
				ASSETCATALOG_COMPILER_APPICON_NAME = AppIcon;
				ASSETCATALOG_COMPILER_GLOBAL_ACCENT_COLOR_NAME = AccentColor;
				CODE_SIGN_STYLE = Automatic;
				CURRENT_PROJECT_VERSION = 1;
				DEVELOPMENT_ASSET_PATHS = "\"ApexRaptor/Preview Content\"";
				ENABLE_PREVIEWS = YES;
				GENERATE_INFOPLIST_FILE = YES;
				INFOPLIST_KEY_UIApplicationSceneManifest_Generation = YES;
				INFOPLIST_KEY_UIApplicationSupportsIndirectInputEvents = YES;
				INFOPLIST_KEY_UILaunchScreen_Generation = YES;
				INFOPLIST_KEY_UISupportedInterfaceOrientations_iPad = "UIInterfaceOrientationPortrait UIInterfaceOrientationPortraitUpsideDown UIInterfaceOrientationLandscapeLeft UIInterfaceOrientationLandscapeRight";
				INFOPLIST_KEY_UISupportedInterfaceOrientations_iPhone = "UIInterfaceOrientationPortrait UIInterfaceOrientationLandscapeLeft UIInterfaceOrientationLandscapeRight";
				LD_RUNPATH_SEARCH_PATHS = (
					"$(inherited)",
					"@executable_path/Frameworks",
				);
				MARKETING_VERSION = 1.0;
				PRODUCT_BUNDLE_IDENTIFIER = siyunfan.ApexRaptor;
				PRODUCT_NAME = "$(TARGET_NAME)";
				SWIFT_EMIT_LOC_STRINGS = YES;
				SWIFT_VERSION = 5.0;
				TARGETED_DEVICE_FAMILY = "1,2";
			};
			name = Debug;
		};
		CB67E7BD2C606AAE002159DD /* Release */ = {
			isa = XCBuildConfiguration;
			buildSettings = {
				ASSETCATALOG_COMPILER_APPICON_NAME = AppIcon;
				ASSETCATALOG_COMPILER_GLOBAL_ACCENT_COLOR_NAME = AccentColor;
				CODE_SIGN_STYLE = Automatic;
				CURRENT_PROJECT_VERSION = 1;
				DEVELOPMENT_ASSET_PATHS = "\"ApexRaptor/Preview Content\"";
				ENABLE_PREVIEWS = YES;
				GENERATE_INFOPLIST_FILE = YES;
				INFOPLIST_KEY_UIApplicationSceneManifest_Generation = YES;
				INFOPLIST_KEY_UIApplicationSupportsIndirectInputEvents = YES;
				INFOPLIST_KEY_UILaunchScreen_Generation = YES;
				INFOPLIST_KEY_UISupportedInterfaceOrientations_iPad = "UIInterfaceOrientationPortrait UIInterfaceOrientationPortraitUpsideDown UIInterfaceOrientationLandscapeLeft UIInterfaceOrientationLandscapeRight";
				INFOPLIST_KEY_UISupportedInterfaceOrientations_iPhone = "UIInterfaceOrientationPortrait UIInterfaceOrientationLandscapeLeft UIInterfaceOrientationLandscapeRight";
				LD_RUNPATH_SEARCH_PATHS = (
					"$(inherited)",
					"@executable_path/Frameworks",
				);
				MARKETING_VERSION = 1.0;
				PRODUCT_BUNDLE_IDENTIFIER = siyunfan.ApexRaptor;
				PRODUCT_NAME = "$(TARGET_NAME)";
				SWIFT_EMIT_LOC_STRINGS = YES;
				SWIFT_VERSION = 5.0;
				TARGETED_DEVICE_FAMILY = "1,2";
			};
			name = Release;
		};
		CB67E7BF2C606AAE002159DD /* Debug */ = {
			isa = XCBuildConfiguration;
			buildSettings = {
				ALWAYS_EMBED_SWIFT_STANDARD_LIBRARIES = YES;
				BUNDLE_LOADER = "$(TEST_HOST)";
				CODE_SIGN_STYLE = Automatic;
				CURRENT_PROJECT_VERSION = 1;
				GENERATE_INFOPLIST_FILE = YES;
				IPHONEOS_DEPLOYMENT_TARGET = 17.5;
				MARKETING_VERSION = 1.0;
				PRODUCT_BUNDLE_IDENTIFIER = siyunfan.ApexRaptorTests;
				PRODUCT_NAME = "$(TARGET_NAME)";
				SWIFT_EMIT_LOC_STRINGS = NO;
				SWIFT_VERSION = 5.0;
				TARGETED_DEVICE_FAMILY = "1,2";
				TEST_HOST = "$(BUILT_PRODUCTS_DIR)/ApexRaptor.app/$(BUNDLE_EXECUTABLE_FOLDER_PATH)/ApexRaptor";
			};
			name = Debug;
		};
		CB67E7C02C606AAE002159DD /* Release */ = {
			isa = XCBuildConfiguration;
			buildSettings = {
				ALWAYS_EMBED_SWIFT_STANDARD_LIBRARIES = YES;
				BUNDLE_LOADER = "$(TEST_HOST)";
				CODE_SIGN_STYLE = Automatic;
				CURRENT_PROJECT_VERSION = 1;
				GENERATE_INFOPLIST_FILE = YES;
				IPHONEOS_DEPLOYMENT_TARGET = 17.5;
				MARKETING_VERSION = 1.0;
				PRODUCT_BUNDLE_IDENTIFIER = siyunfan.ApexRaptorTests;
				PRODUCT_NAME = "$(TARGET_NAME)";
				SWIFT_EMIT_LOC_STRINGS = NO;
				SWIFT_VERSION = 5.0;
				TARGETED_DEVICE_FAMILY = "1,2";
				TEST_HOST = "$(BUILT_PRODUCTS_DIR)/ApexRaptor.app/$(BUNDLE_EXECUTABLE_FOLDER_PATH)/ApexRaptor";
			};
			name = Release;
		};
		CB67E7C22C606AAE002159DD /* Debug */ = {
			isa = XCBuildConfiguration;
			buildSettings = {
				ALWAYS_EMBED_SWIFT_STANDARD_LIBRARIES = YES;
				CODE_SIGN_STYLE = Automatic;
				CURRENT_PROJECT_VERSION = 1;
				GENERATE_INFOPLIST_FILE = YES;
				MARKETING_VERSION = 1.0;
				PRODUCT_BUNDLE_IDENTIFIER = siyunfan.ApexRaptorUITests;
				PRODUCT_NAME = "$(TARGET_NAME)";
				SWIFT_EMIT_LOC_STRINGS = NO;
				SWIFT_VERSION = 5.0;
				TARGETED_DEVICE_FAMILY = "1,2";
				TEST_TARGET_NAME = ApexRaptor;
			};
			name = Debug;
		};
		CB67E7C32C606AAE002159DD /* Release */ = {
			isa = XCBuildConfiguration;
			buildSettings = {
				ALWAYS_EMBED_SWIFT_STANDARD_LIBRARIES = YES;
				CODE_SIGN_STYLE = Automatic;
				CURRENT_PROJECT_VERSION = 1;
				GENERATE_INFOPLIST_FILE = YES;
				MARKETING_VERSION = 1.0;
				PRODUCT_BUNDLE_IDENTIFIER = siyunfan.ApexRaptorUITests;
				PRODUCT_NAME = "$(TARGET_NAME)";
				SWIFT_EMIT_LOC_STRINGS = NO;
				SWIFT_VERSION = 5.0;
				TARGETED_DEVICE_FAMILY = "1,2";
				TEST_TARGET_NAME = ApexRaptor;
			};
			name = Release;
		};
/* End XCBuildConfiguration section */

/* Begin XCConfigurationList section */
		CB67E7922C606AAB002159DD /* Build configuration list for PBXProject "ApexRaptor" */ = {
			isa = XCConfigurationList;
			buildConfigurations = (
				CB67E7B92C606AAE002159DD /* Debug */,
				CB67E7BA2C606AAE002159DD /* Release */,
			);
			defaultConfigurationIsVisible = 0;
			defaultConfigurationName = Release;
		};
		CB67E7BB2C606AAE002159DD /* Build configuration list for PBXNativeTarget "ApexRaptor" */ = {
			isa = XCConfigurationList;
			buildConfigurations = (
				CB67E7BC2C606AAE002159DD /* Debug */,
				CB67E7BD2C606AAE002159DD /* Release */,
			);
			defaultConfigurationIsVisible = 0;
			defaultConfigurationName = Release;
		};
		CB67E7BE2C606AAE002159DD /* Build configuration list for PBXNativeTarget "ApexRaptorTests" */ = {
			isa = XCConfigurationList;
			buildConfigurations = (
				CB67E7BF2C606AAE002159DD /* Debug */,
				CB67E7C02C606AAE002159DD /* Release */,
			);
			defaultConfigurationIsVisible = 0;
			defaultConfigurationName = Release;
		};
		CB67E7C12C606AAE002159DD /* Build configuration list for PBXNativeTarget "ApexRaptorUITests" */ = {
			isa = XCConfigurationList;
			buildConfigurations = (
				CB67E7C22C606AAE002159DD /* Debug */,
				CB67E7C32C606AAE002159DD /* Release */,
			);
			defaultConfigurationIsVisible = 0;
			defaultConfigurationName = Release;
		};
/* End XCConfigurationList section */
	};
	rootObject = CB67E78F2C606AAB002159DD /* Project object */;
}
